
Microsoft Visual Studio Solution File, Format Version 12.00
# Visual Studio Version 17
VisualStudioVersion = 17.4.33213.308
MinimumVisualStudioVersion = 10.0.40219.1
Project("{FAE04EC0-301F-11D3-BF4B-00C04F79EFBC}") = "VehicleDistributorApplication", "VehicleDistributorApplication\VehicleDistributorApplication.csproj", "{27315FFB-8ECD-435A-B3EB-C1CE9C1DBADE}"
EndProject
Global
	GlobalSection(SolutionConfigurationPlatforms) = preSolution
		Debug|Any CPU = Debug|Any CPU
		Release|Any CPU = Release|Any CPU
	EndGlobalSection
	GlobalSection(ProjectConfigurationPlatforms) = postSolution
		{27315FFB-8ECD-435A-B3EB-C1CE9C1DBADE}.Debug|Any CPU.ActiveCfg = Debug|Any CPU
		{27315FFB-8ECD-435A-B3EB-C1CE9C1DBADE}.Debug|Any CPU.Build.0 = Debug|Any CPU
		{27315FFB-8ECD-435A-B3EB-C1CE9C1DBADE}.Release|Any CPU.ActiveCfg = Release|Any CPU
		{27315FFB-8ECD-435A-B3EB-C1CE9C1DBADE}.Release|Any CPU.Build.0 = Release|Any CPU
	EndGlobalSection
	GlobalSection(SolutionProperties) = preSolution
		HideSolutionNode = FALSE
	EndGlobalSection
	GlobalSection(ExtensibilityGlobals) = postSolution
		SolutionGuid = {9D0B4A7C-8E4F-4B40-A20A-23CA9AD17629}
	EndGlobalSection
EndGlobal
