
Microsoft Visual Studio Solution File, Format Version 12.00
# Visual Studio Version 17
VisualStudioVersion = 17.4.33213.308
MinimumVisualStudioVersion = 10.0.40219.1
Project("{FAE04EC0-301F-11D3-BF4B-00C04F79EFBC}") = "BankApplication", "BankApplication\BankApplication.csproj", "{454DA7AB-21B4-4E7B-897E-A85F349F0836}"
EndProject
Global
	GlobalSection(SolutionConfigurationPlatforms) = preSolution
		Debug|Any CPU = Debug|Any CPU
		Release|Any CPU = Release|Any CPU
	EndGlobalSection
	GlobalSection(ProjectConfigurationPlatforms) = postSolution
		{454DA7AB-21B4-4E7B-897E-A85F349F0836}.Debug|Any CPU.ActiveCfg = Debug|Any CPU
		{454DA7AB-21B4-4E7B-897E-A85F349F0836}.Debug|Any CPU.Build.0 = Debug|Any CPU
		{454DA7AB-21B4-4E7B-897E-A85F349F0836}.Release|Any CPU.ActiveCfg = Release|Any CPU
		{454DA7AB-21B4-4E7B-897E-A85F349F0836}.Release|Any CPU.Build.0 = Release|Any CPU
	EndGlobalSection
	GlobalSection(SolutionProperties) = preSolution
		HideSolutionNode = FALSE
	EndGlobalSection
	GlobalSection(ExtensibilityGlobals) = postSolution
		SolutionGuid = {36E4DAD3-EF9E-431F-ADBF-3CB26CFFC0BD}
	EndGlobalSection
EndGlobal
